
Microsoft Visual Studio Solution File, Format Version 12.00
# Visual Studio Version 17
VisualStudioVersion = 17.8.34525.116
MinimumVisualStudioVersion = 10.0.40219.1
Project("{FAE04EC0-301F-11D3-BF4B-00C04F79EFBC}") = "E-StudentDomain", "E-StudentDomain\E-StudentDomain.csproj", "{59F259A1-F310-43DE-A34A-23B42C65EBA7}"
EndProject
Project("{FAE04EC0-301F-11D3-BF4B-00C04F79EFBC}") = "E-StudentInfrastructure", "E-StudentInfrastructure\E-StudentInfrastructure.csproj", "{AB6541F1-A161-4915-85F1-80CA395C5DC7}"
EndProject
Global
	GlobalSection(SolutionConfigurationPlatforms) = preSolution
		Debug|Any CPU = Debug|Any CPU
		Release|Any CPU = Release|Any CPU
	EndGlobalSection
	GlobalSection(ProjectConfigurationPlatforms) = postSolution
		{59F259A1-F310-43DE-A34A-23B42C65EBA7}.Debug|Any CPU.ActiveCfg = Debug|Any CPU
		{59F259A1-F310-43DE-A34A-23B42C65EBA7}.Debug|Any CPU.Build.0 = Debug|Any CPU
		{59F259A1-F310-43DE-A34A-23B42C65EBA7}.Release|Any CPU.ActiveCfg = Release|Any CPU
		{59F259A1-F310-43DE-A34A-23B42C65EBA7}.Release|Any CPU.Build.0 = Release|Any CPU
		{AB6541F1-A161-4915-85F1-80CA395C5DC7}.Debug|Any CPU.ActiveCfg = Debug|Any CPU
		{AB6541F1-A161-4915-85F1-80CA395C5DC7}.Debug|Any CPU.Build.0 = Debug|Any CPU
		{AB6541F1-A161-4915-85F1-80CA395C5DC7}.Release|Any CPU.ActiveCfg = Release|Any CPU
		{AB6541F1-A161-4915-85F1-80CA395C5DC7}.Release|Any CPU.Build.0 = Release|Any CPU
	EndGlobalSection
	GlobalSection(SolutionProperties) = preSolution
		HideSolutionNode = FALSE
	EndGlobalSection
	GlobalSection(ExtensibilityGlobals) = postSolution
		SolutionGuid = {10A8122F-202C-42D0-8D41-1045938AA0A9}
	EndGlobalSection
EndGlobal
